
		HideSolutionNode = TRUE
	EndGlobalSection
	GlobalSection(ProjectConfigurationPlatforms) = postSolution
		{6965BBB8-065D-48E4-BF58-861C0A5277D0}.Debug|Any CPU.ActiveCfg = Debug|Any CPU
		{6965BBB8-065D-48E4-BF58-861C0A5277D0}.Debug|Any CPU.Build.0 = Debug|Any CPU
		{6965BBB8-065D-48E4-BF58-861C0A5277D0}.Release|Any CPU.ActiveCfg = Release|Any CPU
